
Microsoft Visual Studio Solution File, Format Version 12.00
# Visual Studio Version 17
VisualStudioVersion = 17.3.32922.545
MinimumVisualStudioVersion = 10.0.40219.1
Project("{FAE04EC0-301F-11D3-BF4B-00C04F79EFBC}") = "Lecture6", "Lecture6\Lecture6.csproj", "{37B3B4B3-FB2C-4007-A1FF-F8058AA893E5}"
EndProject
Global
	GlobalSection(SolutionConfigurationPlatforms) = preSolution
		Debug|Any CPU = Debug|Any CPU
		Release|Any CPU = Release|Any CPU
	EndGlobalSection
	GlobalSection(ProjectConfigurationPlatforms) = postSolution
		{37B3B4B3-FB2C-4007-A1FF-F8058AA893E5}.Debug|Any CPU.ActiveCfg = Debug|Any CPU
		{37B3B4B3-FB2C-4007-A1FF-F8058AA893E5}.Debug|Any CPU.Build.0 = Debug|Any CPU
		{37B3B4B3-FB2C-4007-A1FF-F8058AA893E5}.Release|Any CPU.ActiveCfg = Release|Any CPU
		{37B3B4B3-FB2C-4007-A1FF-F8058AA893E5}.Release|Any CPU.Build.0 = Release|Any CPU
	EndGlobalSection
	GlobalSection(SolutionProperties) = preSolution
		HideSolutionNode = FALSE
	EndGlobalSection
	GlobalSection(ExtensibilityGlobals) = postSolution
		SolutionGuid = {0D4FC09A-F853-4754-80D5-44F375A5CEBE}
	EndGlobalSection
EndGlobal
